// !$*UTF8*$!
{
	archiveVersion = 1;
	classes = {
	};
	objectVersion = 56;
	objects = {

/* Begin PBXBuildFile section */
		37B32AB72BEBAFE5001BF37D /* SunflowerWeatherApp.swift in Sources */ = {isa = PBXBuildFile; fileRef = 37B32AB62BEBAFE5001BF37D /* SunflowerWeatherApp.swift */; };
		37B32AB92BEBAFE5001BF37D /* ContentView.swift in Sources */ = {isa = PBXBuildFile; fileRef = 37B32AB82BEBAFE5001BF37D /* ContentView.swift */; };
		37B32ABB2BEBAFE6001BF37D /* Assets.xcassets in Resources */ = {isa = PBXBuildFile; fileRef = 37B32ABA2BEBAFE6001BF37D /* Assets.xcassets */; };
		37B32ABE2BEBAFE6001BF37D /* Preview Assets.xcassets in Resources */ = {isa = PBXBuildFile; fileRef = 37B32ABD2BEBAFE6001BF37D /* Preview Assets.xcassets */; };
		37B32AC72BEBB1DC001BF37D /* LocationManager.swift in Sources */ = {isa = PBXBuildFile; fileRef = 37B32AC62BEBB1DC001BF37D /* LocationManager.swift */; };
		37B32ACA2BEBBF6E001BF37D /* WelcomeView.swift in Sources */ = {isa = PBXBuildFile; fileRef = 37B32AC92BEBBF6E001BF37D /* WelcomeView.swift */; };
		37B32ACC2BEBC44D001BF37D /* LoadingView.swift in Sources */ = {isa = PBXBuildFile; fileRef = 37B32ACB2BEBC44D001BF37D /* LoadingView.swift */; };
		37B32ACE2BEBCA51001BF37D /* WeatherManager.swift in Sources */ = {isa = PBXBuildFile; fileRef = 37B32ACD2BEBCA51001BF37D /* WeatherManager.swift */; };
		37B32AD02BEBD1A4001BF37D /* WeatherView.swift in Sources */ = {isa = PBXBuildFile; fileRef = 37B32ACF2BEBD1A4001BF37D /* WeatherView.swift */; };
		37B32AD22BEBE1AD001BF37D /* ModelData.swift in Sources */ = {isa = PBXBuildFile; fileRef = 37B32AD12BEBE1AD001BF37D /* ModelData.swift */; };
		37B32AD42BEBF86B001BF37D /* weatherData.json in Resources */ = {isa = PBXBuildFile; fileRef = 37B32AD32BEBF86B001BF37D /* weatherData.json */; };
		37B32AD72BEBF97B001BF37D /* Extension.swift in Sources */ = {isa = PBXBuildFile; fileRef = 37B32AD62BEBF97B001BF37D /* Extension.swift */; };
		37B32ADA2BEC02ED001BF37D /* WeatherRow.swift in Sources */ = {isa = PBXBuildFile; fileRef = 37B32AD92BEC02ED001BF37D /* WeatherRow.swift */; };
/* End PBXBuildFile section */

/* Begin PBXFileReference section */
		37B32AB32BEBAFE5001BF37D /* SunflowerWeather.app */ = {isa = PBXFileReference; explicitFileType = wrapper.application; includeInIndex = 0; path = SunflowerWeather.app; sourceTree = BUILT_PRODUCTS_DIR; };
		37B32AB62BEBAFE5001BF37D /* SunflowerWeatherApp.swift */ = {isa = PBXFileReference; lastKnownFileType = sourcecode.swift; path = SunflowerWeatherApp.swift; sourceTree = "<group>"; };
		37B32AB82BEBAFE5001BF37D /* ContentView.swift */ = {isa = PBXFileReference; lastKnownFileType = sourcecode.swift; path = ContentView.swift; sourceTree = "<group>"; };
		37B32ABA2BEBAFE6001BF37D /* Assets.xcassets */ = {isa = PBXFileReference; lastKnownFileType = folder.assetcatalog; path = Assets.xcassets; sourceTree = "<group>"; };
		37B32ABD2BEBAFE6001BF37D /* Preview Assets.xcassets */ = {isa = PBXFileReference; lastKnownFileType = folder.assetcatalog; path = "Preview Assets.xcassets"; sourceTree = "<group>"; };
		37B32AC62BEBB1DC001BF37D /* LocationManager.swift */ = {isa = PBXFileReference; lastKnownFileType = sourcecode.swift; path = LocationManager.swift; sourceTree = "<group>"; };
		37B32AC92BEBBF6E001BF37D /* WelcomeView.swift */ = {isa = PBXFileReference; lastKnownFileType = sourcecode.swift; path = WelcomeView.swift; sourceTree = "<group>"; };
		37B32ACB2BEBC44D001BF37D /* LoadingView.swift */ = {isa = PBXFileReference; lastKnownFileType = sourcecode.swift; path = LoadingView.swift; sourceTree = "<group>"; };
		37B32ACD2BEBCA51001BF37D /* WeatherManager.swift */ = {isa = PBXFileReference; lastKnownFileType = sourcecode.swift; path = WeatherManager.swift; sourceTree = "<group>"; };
		37B32ACF2BEBD1A4001BF37D /* WeatherView.swift */ = {isa = PBXFileReference; lastKnownFileType = sourcecode.swift; path = WeatherView.swift; sourceTree = "<group>"; };
		37B32AD12BEBE1AD001BF37D /* ModelData.swift */ = {isa = PBXFileReference; lastKnownFileType = sourcecode.swift; path = ModelData.swift; sourceTree = "<group>"; };
		37B32AD32BEBF86B001BF37D /* weatherData.json */ = {isa = PBXFileReference; lastKnownFileType = text.json; path = weatherData.json; sourceTree = "<group>"; };
		37B32AD62BEBF97B001BF37D /* Extension.swift */ = {isa = PBXFileReference; lastKnownFileType = sourcecode.swift; path = Extension.swift; sourceTree = "<group>"; };
		37B32AD92BEC02ED001BF37D /* WeatherRow.swift */ = {isa = PBXFileReference; lastKnownFileType = sourcecode.swift; path = WeatherRow.swift; sourceTree = "<group>"; };
/* End PBXFileReference section */

/* Begin PBXFrameworksBuildPhase section */
		37B32AB02BEBAFE5001BF37D /* Frameworks */ = {
			isa = PBXFrameworksBuildPhase;
			buildActionMask = 2147483647;
			files = (
			);
			runOnlyForDeploymentPostprocessing = 0;
		};
/* End PBXFrameworksBuildPhase section */

/* Begin PBXGroup section */
		37B32AAA2BEBAFE5001BF37D = {
			isa = PBXGroup;
			children = (
				37B32AB52BEBAFE5001BF37D /* SunflowerWeather */,
				37B32AB42BEBAFE5001BF37D /* Products */,
			);
			sourceTree = "<group>";
		};
		37B32AB42BEBAFE5001BF37D /* Products */ = {
			isa = PBXGroup;
			children = (
				37B32AB32BEBAFE5001BF37D /* SunflowerWeather.app */,
			);
			name = Products;
			sourceTree = "<group>";
		};
		37B32AB52BEBAFE5001BF37D /* SunflowerWeather */ = {
			isa = PBXGroup;
			children = (
				37B32AC52BEBB1A8001BF37D /* App */,
				37B32AD52BEBF95A001BF37D /* Extensions */,
				37B32AD82BEC02A7001BF37D /* Components */,
				37B32AC42BEBB19C001BF37D /* Managers */,
				37B32AC82BEBB8B4001BF37D /* Views */,
				37B32ABA2BEBAFE6001BF37D /* Assets.xcassets */,
				37B32ABC2BEBAFE6001BF37D /* Preview Content */,
			);
			path = SunflowerWeather;
			sourceTree = "<group>";
		};
		37B32ABC2BEBAFE6001BF37D /* Preview Content */ = {
			isa = PBXGroup;
			children = (
				37B32ABD2BEBAFE6001BF37D /* Preview Assets.xcassets */,
				37B32AD12BEBE1AD001BF37D /* ModelData.swift */,
				37B32AD32BEBF86B001BF37D /* weatherData.json */,
			);
			path = "Preview Content";
			sourceTree = "<group>";
		};
		37B32AC42BEBB19C001BF37D /* Managers */ = {
			isa = PBXGroup;
			children = (
				37B32AC62BEBB1DC001BF37D /* LocationManager.swift */,
				37B32ACD2BEBCA51001BF37D /* WeatherManager.swift */,
			);
			path = Managers;
			sourceTree = "<group>";
		};
		37B32AC52BEBB1A8001BF37D /* App */ = {
			isa = PBXGroup;
			children = (
				37B32AB62BEBAFE5001BF37D /* SunflowerWeatherApp.swift */,
			);
			path = App;
			sourceTree = "<group>";
		};
		37B32AC82BEBB8B4001BF37D /* Views */ = {
			isa = PBXGroup;
			children = (
				37B32AB82BEBAFE5001BF37D /* ContentView.swift */,
				37B32AC92BEBBF6E001BF37D /* WelcomeView.swift */,
				37B32ACB2BEBC44D001BF37D /* LoadingView.swift */,
				37B32ACF2BEBD1A4001BF37D /* WeatherView.swift */,
			);
			path = Views;
			sourceTree = "<group>";
		};
		37B32AD52BEBF95A001BF37D /* Extensions */ = {
			isa = PBXGroup;
			children = (
				37B32AD62BEBF97B001BF37D /* Extension.swift */,
			);
			path = Extensions;
			sourceTree = "<group>";
		};
		37B32AD82BEC02A7001BF37D /* Components */ = {
			isa = PBXGroup;
			children = (
				37B32AD92BEC02ED001BF37D /* WeatherRow.swift */,
			);
			path = Components;
			sourceTree = "<group>";
		};
/* End PBXGroup section */

/* Begin PBXNativeTarget section */
		37B32AB22BEBAFE5001BF37D /* SunflowerWeather */ = {
			isa = PBXNativeTarget;
			buildConfigurationList = 37B32AC12BEBAFE6001BF37D /* Build configuration list for PBXNativeTarget "SunflowerWeather" */;
			buildPhases = (
				37B32AAF2BEBAFE5001BF37D /* Sources */,
				37B32AB02BEBAFE5001BF37D /* Frameworks */,
				37B32AB12BEBAFE5001BF37D /* Resources */,
			);
			buildRules = (
			);
			dependencies = (
			);
			name = SunflowerWeather;
			productName = SunflowerWeather;
			productReference = 37B32AB32BEBAFE5001BF37D /* SunflowerWeather.app */;
			productType = "com.apple.product-type.application";
		};
/* End PBXNativeTarget section */

/* Begin PBXProject section */
		37B32AAB2BEBAFE5001BF37D /* Project object */ = {
			isa = PBXProject;
			attributes = {
				BuildIndependentTargetsInParallel = 1;
				LastSwiftUpdateCheck = 1530;
				LastUpgradeCheck = 1530;
				TargetAttributes = {
					37B32AB22BEBAFE5001BF37D = {
						CreatedOnToolsVersion = 15.3;
					};
				};
			};
			buildConfigurationList = 37B32AAE2BEBAFE5001BF37D /* Build configuration list for PBXProject "SunflowerWeather" */;
			compatibilityVersion = "Xcode 14.0";
			developmentRegion = en;
			hasScannedForEncodings = 0;
			knownRegions = (
				en,
				Base,
			);
			mainGroup = 37B32AAA2BEBAFE5001BF37D;
			productRefGroup = 37B32AB42BEBAFE5001BF37D /* Products */;
			projectDirPath = "";
			projectRoot = "";
			targets = (
				37B32AB22BEBAFE5001BF37D /* SunflowerWeather */,
			);
		};
/* End PBXProject section */

/* Begin PBXResourcesBuildPhase section */
		37B32AB12BEBAFE5001BF37D /* Resources */ = {
			isa = PBXResourcesBuildPhase;
			buildActionMask = 2147483647;
			files = (
				37B32ABE2BEBAFE6001BF37D /* Preview Assets.xcassets in Resources */,
				37B32AD42BEBF86B001BF37D /* weatherData.json in Resources */,
				37B32ABB2BEBAFE6001BF37D /* Assets.xcassets in Resources */,
			);
			runOnlyForDeploymentPostprocessing = 0;
		};
/* End PBXResourcesBuildPhase section */

/* Begin PBXSourcesBuildPhase section */
		37B32AAF2BEBAFE5001BF37D /* Sources */ = {
			isa = PBXSourcesBuildPhase;
			buildActionMask = 2147483647;
			files = (
				37B32AD72BEBF97B001BF37D /* Extension.swift in Sources */,
				37B32ACE2BEBCA51001BF37D /* WeatherManager.swift in Sources */,
				37B32AB92BEBAFE5001BF37D /* ContentView.swift in Sources */,
				37B32AB72BEBAFE5001BF37D /* SunflowerWeatherApp.swift in Sources */,
				37B32AC72BEBB1DC001BF37D /* LocationManager.swift in Sources */,
				37B32ADA2BEC02ED001BF37D /* WeatherRow.swift in Sources */,
				37B32ACC2BEBC44D001BF37D /* LoadingView.swift in Sources */,
				37B32AD22BEBE1AD001BF37D /* ModelData.swift in Sources */,
				37B32AD02BEBD1A4001BF37D /* WeatherView.swift in Sources */,
				37B32ACA2BEBBF6E001BF37D /* WelcomeView.swift in Sources */,
			);
			runOnlyForDeploymentPostprocessing = 0;
		};
/* End PBXSourcesBuildPhase section */

/* Begin XCBuildConfiguration section */
		37B32ABF2BEBAFE6001BF37D /* Debug */ = {
			isa = XCBuildConfiguration;
			buildSettings = {
				ALWAYS_SEARCH_USER_PATHS = NO;
				ASSETCATALOG_COMPILER_GENERATE_SWIFT_ASSET_SYMBOL_EXTENSIONS = YES;
				CLANG_ANALYZER_NONNULL = YES;
				CLANG_ANALYZER_NUMBER_OBJECT_CONVERSION = YES_AGGRESSIVE;
				CLANG_CXX_LANGUAGE_STANDARD = "gnu++20";
				CLANG_ENABLE_MODULES = YES;
				CLANG_ENABLE_OBJC_ARC = YES;
				CLANG_ENABLE_OBJC_WEAK = YES;
				CLANG_WARN_BLOCK_CAPTURE_AUTORELEASING = YES;
				CLANG_WARN_BOOL_CONVERSION = YES;
				CLANG_WARN_COMMA = YES;
				CLANG_WARN_CONSTANT_CONVERSION = YES;
				CLANG_WARN_DEPRECATED_OBJC_IMPLEMENTATIONS = YES;
				CLANG_WARN_DIRECT_OBJC_ISA_USAGE = YES_ERROR;
				CLANG_WARN_DOCUMENTATION_COMMENTS = YES;
				CLANG_WARN_EMPTY_BODY = YES;
				CLANG_WARN_ENUM_CONVERSION = YES;
				CLANG_WARN_INFINITE_RECURSION = YES;
				CLANG_WARN_INT_CONVERSION = YES;
				CLANG_WARN_NON_LITERAL_NULL_CONVERSION = YES;
				CLANG_WARN_OBJC_IMPLICIT_RETAIN_SELF = YES;
				CLANG_WARN_OBJC_LITERAL_CONVERSION = YES;
				CLANG_WARN_OBJC_ROOT_CLASS = YES_ERROR;
				CLANG_WARN_QUOTED_INCLUDE_IN_FRAMEWORK_HEADER = YES;
				CLANG_WARN_RANGE_LOOP_ANALYSIS = YES;
				CLANG_WARN_STRICT_PROTOTYPES = YES;
				CLANG_WARN_SUSPICIOUS_MOVE = YES;
				CLANG_WARN_UNGUARDED_AVAILABILITY = YES_AGGRESSIVE;
				CLANG_WARN_UNREACHABLE_CODE = YES;
				CLANG_WARN__DUPLICATE_METHOD_MATCH = YES;
				COPY_PHASE_STRIP = NO;
				DEBUG_INFORMATION_FORMAT = dwarf;
				ENABLE_STRICT_OBJC_MSGSEND = YES;
				ENABLE_TESTABILITY = YES;
				ENABLE_USER_SCRIPT_SANDBOXING = YES;
				GCC_C_LANGUAGE_STANDARD = gnu17;
				GCC_DYNAMIC_NO_PIC = NO;
				GCC_NO_COMMON_BLOCKS = YES;
				GCC_OPTIMIZATION_LEVEL = 0;
				GCC_PREPROCESSOR_DEFINITIONS = (
					"DEBUG=1",
					"$(inherited)",
				);
				GCC_WARN_64_TO_32_BIT_CONVERSION = YES;
				GCC_WARN_ABOUT_RETURN_TYPE = YES_ERROR;
				GCC_WARN_UNDECLARED_SELECTOR = YES;
				GCC_WARN_UNINITIALIZED_AUTOS = YES_AGGRESSIVE;
				GCC_WARN_UNUSED_FUNCTION = YES;
				GCC_WARN_UNUSED_VARIABLE = YES;
				IPHONEOS_DEPLOYMENT_TARGET = 17.4;
				LOCALIZATION_PREFERS_STRING_CATALOGS = YES;
				MTL_ENABLE_DEBUG_INFO = INCLUDE_SOURCE;
				MTL_FAST_MATH = YES;
				ONLY_ACTIVE_ARCH = YES;
				SDKROOT = iphoneos;
				SWIFT_ACTIVE_COMPILATION_CONDITIONS = "DEBUG $(inherited)";
				SWIFT_OPTIMIZATION_LEVEL = "-Onone";
			};
			name = Debug;
		};
		37B32AC02BEBAFE6001BF37D /* Release */ = {
			isa = XCBuildConfiguration;
			buildSettings = {
				ALWAYS_SEARCH_USER_PATHS = NO;
				ASSETCATALOG_COMPILER_GENERATE_SWIFT_ASSET_SYMBOL_EXTENSIONS = YES;
				CLANG_ANALYZER_NONNULL = YES;
				CLANG_ANALYZER_NUMBER_OBJECT_CONVERSION = YES_AGGRESSIVE;
				CLANG_CXX_LANGUAGE_STANDARD = "gnu++20";
				CLANG_ENABLE_MODULES = YES;
				CLANG_ENABLE_OBJC_ARC = YES;
				CLANG_ENABLE_OBJC_WEAK = YES;
				CLANG_WARN_BLOCK_CAPTURE_AUTORELEASING = YES;
				CLANG_WARN_BOOL_CONVERSION = YES;
				CLANG_WARN_COMMA = YES;
				CLANG_WARN_CONSTANT_CONVERSION = YES;
				CLANG_WARN_DEPRECATED_OBJC_IMPLEMENTATIONS = YES;
				CLANG_WARN_DIRECT_OBJC_ISA_USAGE = YES_ERROR;
				CLANG_WARN_DOCUMENTATION_COMMENTS = YES;
				CLANG_WARN_EMPTY_BODY = YES;
				CLANG_WARN_ENUM_CONVERSION = YES;
				CLANG_WARN_INFINITE_RECURSION = YES;
				CLANG_WARN_INT_CONVERSION = YES;
				CLANG_WARN_NON_LITERAL_NULL_CONVERSION = YES;
				CLANG_WARN_OBJC_IMPLICIT_RETAIN_SELF = YES;
				CLANG_WARN_OBJC_LITERAL_CONVERSION = YES;
				CLANG_WARN_OBJC_ROOT_CLASS = YES_ERROR;
				CLANG_WARN_QUOTED_INCLUDE_IN_FRAMEWORK_HEADER = YES;
				CLANG_WARN_RANGE_LOOP_ANALYSIS = YES;
				CLANG_WARN_STRICT_PROTOTYPES = YES;
				CLANG_WARN_SUSPICIOUS_MOVE = YES;
				CLANG_WARN_UNGUARDED_AVAILABILITY = YES_AGGRESSIVE;
				CLANG_WARN_UNREACHABLE_CODE = YES;
				CLANG_WARN__DUPLICATE_METHOD_MATCH = YES;
				COPY_PHASE_STRIP = NO;
				DEBUG_INFORMATION_FORMAT = "dwarf-with-dsym";
				ENABLE_NS_ASSERTIONS = NO;
				ENABLE_STRICT_OBJC_MSGSEND = YES;
				ENABLE_USER_SCRIPT_SANDBOXING = YES;
				GCC_C_LANGUAGE_STANDARD = gnu17;
				GCC_NO_COMMON_BLOCKS = YES;
				GCC_WARN_64_TO_32_BIT_CONVERSION = YES;
				GCC_WARN_ABOUT_RETURN_TYPE = YES_ERROR;
				GCC_WARN_UNDECLARED_SELECTOR = YES;
				GCC_WARN_UNINITIALIZED_AUTOS = YES_AGGRESSIVE;
				GCC_WARN_UNUSED_FUNCTION = YES;
				GCC_WARN_UNUSED_VARIABLE = YES;
				IPHONEOS_DEPLOYMENT_TARGET = 17.4;
				LOCALIZATION_PREFERS_STRING_CATALOGS = YES;
				MTL_ENABLE_DEBUG_INFO = NO;
				MTL_FAST_MATH = YES;
				SDKROOT = iphoneos;
				SWIFT_COMPILATION_MODE = wholemodule;
				VALIDATE_PRODUCT = YES;
			};
			name = Release;
		};
		37B32AC22BEBAFE6001BF37D /* Debug */ = {
			isa = XCBuildConfiguration;
			buildSettings = {
				ASSETCATALOG_COMPILER_APPICON_NAME = AppIcon;
				ASSETCATALOG_COMPILER_GLOBAL_ACCENT_COLOR_NAME = AccentColor;
				CODE_SIGN_STYLE = Automatic;
				CURRENT_PROJECT_VERSION = 1;
				DEVELOPMENT_ASSET_PATHS = "\"SunflowerWeather/Preview Content\"";
				DEVELOPMENT_TEAM = P7G5Q4ZCSC;
				ENABLE_PREVIEWS = YES;
				GENERATE_INFOPLIST_FILE = YES;
				INFOPLIST_KEY_CFBundleDisplayName = "Sunflower Weather";
				INFOPLIST_KEY_UIApplicationSceneManifest_Generation = YES;
				INFOPLIST_KEY_UIApplicationSupportsIndirectInputEvents = YES;
				INFOPLIST_KEY_UILaunchScreen_Generation = YES;
				INFOPLIST_KEY_UISupportedInterfaceOrientations = UIInterfaceOrientationPortrait;
				LD_RUNPATH_SEARCH_PATHS = (
					"$(inherited)",
					"@executable_path/Frameworks",
				);
				MARKETING_VERSION = 1.0;
				PRODUCT_BUNDLE_IDENTIFIER = com.emirhanzeyrek.SunflowerWeather;
				PRODUCT_NAME = "$(TARGET_NAME)";
				SWIFT_EMIT_LOC_STRINGS = YES;
				SWIFT_VERSION = 5.0;
				TARGETED_DEVICE_FAMILY = "1,2";
			};
			name = Debug;
		};
		37B32AC32BEBAFE6001BF37D /* Release */ = {
			isa = XCBuildConfiguration;
			buildSettings = {
				ASSETCATALOG_COMPILER_APPICON_NAME = AppIcon;
				ASSETCATALOG_COMPILER_GLOBAL_ACCENT_COLOR_NAME = AccentColor;
				CODE_SIGN_STYLE = Automatic;
				CURRENT_PROJECT_VERSION = 1;
				DEVELOPMENT_ASSET_PATHS = "\"SunflowerWeather/Preview Content\"";
				DEVELOPMENT_TEAM = P7G5Q4ZCSC;
				ENABLE_PREVIEWS = YES;
				GENERATE_INFOPLIST_FILE = YES;
				INFOPLIST_KEY_CFBundleDisplayName = "Sunflower Weather";
				INFOPLIST_KEY_UIApplicationSceneManifest_Generation = YES;
				INFOPLIST_KEY_UIApplicationSupportsIndirectInputEvents = YES;
				INFOPLIST_KEY_UILaunchScreen_Generation = YES;
				INFOPLIST_KEY_UISupportedInterfaceOrientations = UIInterfaceOrientationPortrait;
				LD_RUNPATH_SEARCH_PATHS = (
					"$(inherited)",
					"@executable_path/Frameworks",
				);
				MARKETING_VERSION = 1.0;
				PRODUCT_BUNDLE_IDENTIFIER = com.emirhanzeyrek.SunflowerWeather;
				PRODUCT_NAME = "$(TARGET_NAME)";
				SWIFT_EMIT_LOC_STRINGS = YES;
				SWIFT_VERSION = 5.0;
				TARGETED_DEVICE_FAMILY = "1,2";
			};
			name = Release;
		};
/* End XCBuildConfiguration section */

/* Begin XCConfigurationList section */
		37B32AAE2BEBAFE5001BF37D /* Build configuration list for PBXProject "SunflowerWeather" */ = {
			isa = XCConfigurationList;
			buildConfigurations = (
				37B32ABF2BEBAFE6001BF37D /* Debug */,
				37B32AC02BEBAFE6001BF37D /* Release */,
			);
			defaultConfigurationIsVisible = 0;
			defaultConfigurationName = Release;
		};
		37B32AC12BEBAFE6001BF37D /* Build configuration list for PBXNativeTarget "SunflowerWeather" */ = {
			isa = XCConfigurationList;
			buildConfigurations = (
				37B32AC22BEBAFE6001BF37D /* Debug */,
				37B32AC32BEBAFE6001BF37D /* Release */,
			);
			defaultConfigurationIsVisible = 0;
			defaultConfigurationName = Release;
		};
/* End XCConfigurationList section */
	};
	rootObject = 37B32AAB2BEBAFE5001BF37D /* Project object */;
}
